
Microsoft Visual Studio Solution File, Format Version 12.00
# Visual Studio Version 17
VisualStudioVersion = 17.5.33530.505
MinimumVisualStudioVersion = 10.0.40219.1
Project("{2150E333-8FDC-42A3-9474-1A3956D46DE8}") = "Services", "Services", "{8C6C640B-0227-4149-934B-3C24E8D22D5A}"
EndProject
Project("{2150E333-8FDC-42A3-9474-1A3956D46DE8}") = "Catalog", "Catalog", "{6C6BF59F-B44A-48D3-9F32-1E7146377A0C}"
EndProject
Project("{9A19103F-16F7-4668-BE54-9A1E7A4F7556}") = "Catalog.API", "Services\Catalog\Catalog.API\Catalog.API.csproj", "{AF3CA051-0A6E-4EE6-AC27-91041077A62B}"
EndProject
Project("{E53339B2-1760-4266-BCC7-CA923CBCF16C}") = "docker-compose", "docker-compose.dcproj", "{DF645898-5AFB-4895-B947-2856E3A187DB}"
EndProject
Project("{2150E333-8FDC-42A3-9474-1A3956D46DE8}") = "Basket", "Basket", "{DF0D73B9-508D-4FE7-8743-29F3F0A251CF}"
EndProject
Project("{9A19103F-16F7-4668-BE54-9A1E7A4F7556}") = "Basket.API", "Services\Basket\Basket.API\Basket.API.csproj", "{12D9D1AB-44C7-439D-B1B0-F47CF9F612ED}"
EndProject
Project("{2150E333-8FDC-42A3-9474-1A3956D46DE8}") = "Discount", "Discount", "{49CFB72A-E56D-4FE7-B70A-BD619250E3AA}"
EndProject
Project("{9A19103F-16F7-4668-BE54-9A1E7A4F7556}") = "Discount.API", "Services\Discount\Discount.API\Discount.API.csproj", "{243E30B3-ED0E-4697-BB28-B36ADE149AA6}"
EndProject
Project("{9A19103F-16F7-4668-BE54-9A1E7A4F7556}") = "Discount.GRPC", "Services\Discount\Discount.GRPC\Discount.GRPC.csproj", "{50902461-F4C3-4E31-A28D-668E3A2054C4}"
EndProject
Project("{2150E333-8FDC-42A3-9474-1A3956D46DE8}") = "Ordering", "Ordering", "{535D6984-7FE8-49E4-8858-C5F6B674466A}"
EndProject
Project("{FAE04EC0-301F-11D3-BF4B-00C04F79EFBC}") = "Ordering.API", "Services\Ordering\Ordering.API\Ordering.API.csproj", "{7C025F23-26E5-465B-BE0D-F2724965B689}"
EndProject
Project("{FAE04EC0-301F-11D3-BF4B-00C04F79EFBC}") = "Ordering.Domain", "Services\Ordering\Ordering.Domain\Ordering.Domain.csproj", "{2C535F64-2F3F-4572-940E-C27483166286}"
EndProject
Project("{FAE04EC0-301F-11D3-BF4B-00C04F79EFBC}") = "Ordering.Application", "Services\Ordering\Ordering.Application\Ordering.Application.csproj", "{F95E5345-F53A-4537-B320-778801535FB7}"
EndProject
Project("{FAE04EC0-301F-11D3-BF4B-00C04F79EFBC}") = "Ordering.Infrastructure", "Services\Ordering\Ordering.Infrastructure\Ordering.Infrastructure.csproj", "{EC41EF0D-BC27-4686-B058-5C7FF47667B9}"
EndProject
Global
	GlobalSection(SolutionConfigurationPlatforms) = preSolution
		Debug|Any CPU = Debug|Any CPU
		Release|Any CPU = Release|Any CPU
	EndGlobalSection
	GlobalSection(ProjectConfigurationPlatforms) = postSolution
		{AF3CA051-0A6E-4EE6-AC27-91041077A62B}.Debug|Any CPU.ActiveCfg = Debug|Any CPU
		{AF3CA051-0A6E-4EE6-AC27-91041077A62B}.Debug|Any CPU.Build.0 = Debug|Any CPU
		{AF3CA051-0A6E-4EE6-AC27-91041077A62B}.Release|Any CPU.ActiveCfg = Release|Any CPU
		{AF3CA051-0A6E-4EE6-AC27-91041077A62B}.Release|Any CPU.Build.0 = Release|Any CPU
		{DF645898-5AFB-4895-B947-2856E3A187DB}.Debug|Any CPU.ActiveCfg = Debug|Any CPU
		{DF645898-5AFB-4895-B947-2856E3A187DB}.Debug|Any CPU.Build.0 = Debug|Any CPU
		{DF645898-5AFB-4895-B947-2856E3A187DB}.Release|Any CPU.ActiveCfg = Release|Any CPU
		{DF645898-5AFB-4895-B947-2856E3A187DB}.Release|Any CPU.Build.0 = Release|Any CPU
		{12D9D1AB-44C7-439D-B1B0-F47CF9F612ED}.Debug|Any CPU.ActiveCfg = Debug|Any CPU
		{12D9D1AB-44C7-439D-B1B0-F47CF9F612ED}.Debug|Any CPU.Build.0 = Debug|Any CPU
		{12D9D1AB-44C7-439D-B1B0-F47CF9F612ED}.Release|Any CPU.ActiveCfg = Release|Any CPU
		{12D9D1AB-44C7-439D-B1B0-F47CF9F612ED}.Release|Any CPU.Build.0 = Release|Any CPU
		{243E30B3-ED0E-4697-BB28-B36ADE149AA6}.Debug|Any CPU.ActiveCfg = Debug|Any CPU
		{243E30B3-ED0E-4697-BB28-B36ADE149AA6}.Debug|Any CPU.Build.0 = Debug|Any CPU
		{243E30B3-ED0E-4697-BB28-B36ADE149AA6}.Release|Any CPU.ActiveCfg = Release|Any CPU
		{243E30B3-ED0E-4697-BB28-B36ADE149AA6}.Release|Any CPU.Build.0 = Release|Any CPU
		{50902461-F4C3-4E31-A28D-668E3A2054C4}.Debug|Any CPU.ActiveCfg = Debug|Any CPU
		{50902461-F4C3-4E31-A28D-668E3A2054C4}.Debug|Any CPU.Build.0 = Debug|Any CPU
		{50902461-F4C3-4E31-A28D-668E3A2054C4}.Release|Any CPU.ActiveCfg = Release|Any CPU
		{50902461-F4C3-4E31-A28D-668E3A2054C4}.Release|Any CPU.Build.0 = Release|Any CPU
		{7C025F23-26E5-465B-BE0D-F2724965B689}.Debug|Any CPU.ActiveCfg = Debug|Any CPU
		{7C025F23-26E5-465B-BE0D-F2724965B689}.Debug|Any CPU.Build.0 = Debug|Any CPU
		{7C025F23-26E5-465B-BE0D-F2724965B689}.Release|Any CPU.ActiveCfg = Release|Any CPU
		{7C025F23-26E5-465B-BE0D-F2724965B689}.Release|Any CPU.Build.0 = Release|Any CPU
		{2C535F64-2F3F-4572-940E-C27483166286}.Debug|Any CPU.ActiveCfg = Debug|Any CPU
		{2C535F64-2F3F-4572-940E-C27483166286}.Debug|Any CPU.Build.0 = Debug|Any CPU
		{2C535F64-2F3F-4572-940E-C27483166286}.Release|Any CPU.ActiveCfg = Release|Any CPU
		{2C535F64-2F3F-4572-940E-C27483166286}.Release|Any CPU.Build.0 = Release|Any CPU
		{F95E5345-F53A-4537-B320-778801535FB7}.Debug|Any CPU.ActiveCfg = Debug|Any CPU
		{F95E5345-F53A-4537-B320-778801535FB7}.Debug|Any CPU.Build.0 = Debug|Any CPU
		{F95E5345-F53A-4537-B320-778801535FB7}.Release|Any CPU.ActiveCfg = Release|Any CPU
		{F95E5345-F53A-4537-B320-778801535FB7}.Release|Any CPU.Build.0 = Release|Any CPU
		{EC41EF0D-BC27-4686-B058-5C7FF47667B9}.Debug|Any CPU.ActiveCfg = Debug|Any CPU
		{EC41EF0D-BC27-4686-B058-5C7FF47667B9}.Debug|Any CPU.Build.0 = Debug|Any CPU
		{EC41EF0D-BC27-4686-B058-5C7FF47667B9}.Release|Any CPU.ActiveCfg = Release|Any CPU
		{EC41EF0D-BC27-4686-B058-5C7FF47667B9}.Release|Any CPU.Build.0 = Release|Any CPU
	EndGlobalSection
	GlobalSection(SolutionProperties) = preSolution
		HideSolutionNode = FALSE
	EndGlobalSection
	GlobalSection(NestedProjects) = preSolution
		{6C6BF59F-B44A-48D3-9F32-1E7146377A0C} = {8C6C640B-0227-4149-934B-3C24E8D22D5A}
		{AF3CA051-0A6E-4EE6-AC27-91041077A62B} = {6C6BF59F-B44A-48D3-9F32-1E7146377A0C}
		{DF0D73B9-508D-4FE7-8743-29F3F0A251CF} = {8C6C640B-0227-4149-934B-3C24E8D22D5A}
		{12D9D1AB-44C7-439D-B1B0-F47CF9F612ED} = {DF0D73B9-508D-4FE7-8743-29F3F0A251CF}
		{49CFB72A-E56D-4FE7-B70A-BD619250E3AA} = {8C6C640B-0227-4149-934B-3C24E8D22D5A}
		{243E30B3-ED0E-4697-BB28-B36ADE149AA6} = {49CFB72A-E56D-4FE7-B70A-BD619250E3AA}
		{50902461-F4C3-4E31-A28D-668E3A2054C4} = {49CFB72A-E56D-4FE7-B70A-BD619250E3AA}
		{535D6984-7FE8-49E4-8858-C5F6B674466A} = {8C6C640B-0227-4149-934B-3C24E8D22D5A}
		{7C025F23-26E5-465B-BE0D-F2724965B689} = {535D6984-7FE8-49E4-8858-C5F6B674466A}
		{2C535F64-2F3F-4572-940E-C27483166286} = {535D6984-7FE8-49E4-8858-C5F6B674466A}
		{F95E5345-F53A-4537-B320-778801535FB7} = {535D6984-7FE8-49E4-8858-C5F6B674466A}
		{EC41EF0D-BC27-4686-B058-5C7FF47667B9} = {535D6984-7FE8-49E4-8858-C5F6B674466A}
	EndGlobalSection
	GlobalSection(ExtensibilityGlobals) = postSolution
		SolutionGuid = {A0F9EB01-BF2A-4D35-8F67-A56FB88BAFFA}
	EndGlobalSection
EndGlobal
